// !$*UTF8*$!
{
	archiveVersion = 1;
	classes = {
	};
	objectVersion = 50;
	objects = {

/* Begin PBXBuildFile section */
		5423A07223C512EC0068BBCB /* MyCustomDesignable.swift in Sources */ = {isa = PBXBuildFile; fileRef = 5423A07123C512EC0068BBCB /* MyCustomDesignable.swift */; };
		545D66FF23C68A4700425AFD /* Question.swift in Sources */ = {isa = PBXBuildFile; fileRef = 545D66FE23C68A4700425AFD /* Question.swift */; };
		545D670123C68FA200425AFD /* QuizBrain.swift in Sources */ = {isa = PBXBuildFile; fileRef = 545D670023C68FA200425AFD /* QuizBrain.swift */; };
		5464533723C44121001C1DA8 /* AppDelegate.swift in Sources */ = {isa = PBXBuildFile; fileRef = 5464533623C44121001C1DA8 /* AppDelegate.swift */; };
		5464533923C44121001C1DA8 /* SceneDelegate.swift in Sources */ = {isa = PBXBuildFile; fileRef = 5464533823C44121001C1DA8 /* SceneDelegate.swift */; };
		5464533B23C44121001C1DA8 /* ViewController.swift in Sources */ = {isa = PBXBuildFile; fileRef = 5464533A23C44121001C1DA8 /* ViewController.swift */; };
		5464533E23C44121001C1DA8 /* Main.storyboard in Resources */ = {isa = PBXBuildFile; fileRef = 5464533C23C44121001C1DA8 /* Main.storyboard */; };
		5464534023C44122001C1DA8 /* Assets.xcassets in Resources */ = {isa = PBXBuildFile; fileRef = 5464533F23C44122001C1DA8 /* Assets.xcassets */; };
		5464534323C44122001C1DA8 /* LaunchScreen.storyboard in Resources */ = {isa = PBXBuildFile; fileRef = 5464534123C44122001C1DA8 /* LaunchScreen.storyboard */; };
/* End PBXBuildFile section */

/* Begin PBXFileReference section */
		5423A07123C512EC0068BBCB /* MyCustomDesignable.swift */ = {isa = PBXFileReference; lastKnownFileType = sourcecode.swift; path = MyCustomDesignable.swift; sourceTree = "<group>"; };
		545D66FE23C68A4700425AFD /* Question.swift */ = {isa = PBXFileReference; lastKnownFileType = sourcecode.swift; path = Question.swift; sourceTree = "<group>"; };
		545D670023C68FA200425AFD /* QuizBrain.swift */ = {isa = PBXFileReference; lastKnownFileType = sourcecode.swift; path = QuizBrain.swift; sourceTree = "<group>"; };
		5464533323C44121001C1DA8 /* Quizzler.app */ = {isa = PBXFileReference; explicitFileType = wrapper.application; includeInIndex = 0; path = Quizzler.app; sourceTree = BUILT_PRODUCTS_DIR; };
		5464533623C44121001C1DA8 /* AppDelegate.swift */ = {isa = PBXFileReference; lastKnownFileType = sourcecode.swift; path = AppDelegate.swift; sourceTree = "<group>"; };
		5464533823C44121001C1DA8 /* SceneDelegate.swift */ = {isa = PBXFileReference; lastKnownFileType = sourcecode.swift; path = SceneDelegate.swift; sourceTree = "<group>"; };
		5464533A23C44121001C1DA8 /* ViewController.swift */ = {isa = PBXFileReference; lastKnownFileType = sourcecode.swift; path = ViewController.swift; sourceTree = "<group>"; };
		5464533D23C44121001C1DA8 /* Base */ = {isa = PBXFileReference; lastKnownFileType = file.storyboard; name = Base; path = Base.lproj/Main.storyboard; sourceTree = "<group>"; };
		5464533F23C44122001C1DA8 /* Assets.xcassets */ = {isa = PBXFileReference; lastKnownFileType = folder.assetcatalog; path = Assets.xcassets; sourceTree = "<group>"; };
		5464534223C44122001C1DA8 /* Base */ = {isa = PBXFileReference; lastKnownFileType = file.storyboard; name = Base; path = Base.lproj/LaunchScreen.storyboard; sourceTree = "<group>"; };
		5464534423C44122001C1DA8 /* Info.plist */ = {isa = PBXFileReference; lastKnownFileType = text.plist.xml; path = Info.plist; sourceTree = "<group>"; };
/* End PBXFileReference section */

/* Begin PBXFrameworksBuildPhase section */
		5464533023C44121001C1DA8 /* Frameworks */ = {
			isa = PBXFrameworksBuildPhase;
			buildActionMask = 2147483647;
			files = (
			);
			runOnlyForDeploymentPostprocessing = 0;
		};
/* End PBXFrameworksBuildPhase section */

/* Begin PBXGroup section */
		5423A07323C688570068BBCB /* Controller */ = {
			isa = PBXGroup;
			children = (
				5464533A23C44121001C1DA8 /* ViewController.swift */,
			);
			path = Controller;
			sourceTree = "<group>";
		};
		5423A07423C688600068BBCB /* View */ = {
			isa = PBXGroup;
			children = (
				5464533C23C44121001C1DA8 /* Main.storyboard */,
			);
			path = View;
			sourceTree = "<group>";
		};
		5423A07523C6886E0068BBCB /* Model */ = {
			isa = PBXGroup;
			children = (
				545D66FE23C68A4700425AFD /* Question.swift */,
				545D670023C68FA200425AFD /* QuizBrain.swift */,
			);
			path = Model;
			sourceTree = "<group>";
		};
		5464532A23C44121001C1DA8 = {
			isa = PBXGroup;
			children = (
				5464533523C44121001C1DA8 /* Quizzler */,
				5464533423C44121001C1DA8 /* Products */,
			);
			sourceTree = "<group>";
		};
		5464533423C44121001C1DA8 /* Products */ = {
			isa = PBXGroup;
			children = (
				5464533323C44121001C1DA8 /* Quizzler.app */,
			);
			name = Products;
			sourceTree = "<group>";
		};
		5464533523C44121001C1DA8 /* Quizzler */ = {
			isa = PBXGroup;
			children = (
				5464533623C44121001C1DA8 /* AppDelegate.swift */,
				5464533823C44121001C1DA8 /* SceneDelegate.swift */,
				5423A07523C6886E0068BBCB /* Model */,
				5423A07423C688600068BBCB /* View */,
				5423A07323C688570068BBCB /* Controller */,
				5423A07123C512EC0068BBCB /* MyCustomDesignable.swift */,
				5464533F23C44122001C1DA8 /* Assets.xcassets */,
				5464534123C44122001C1DA8 /* LaunchScreen.storyboard */,
				5464534423C44122001C1DA8 /* Info.plist */,
			);
			path = Quizzler;
			sourceTree = "<group>";
		};
/* End PBXGroup section */

/* Begin PBXNativeTarget section */
		5464533223C44121001C1DA8 /* Quizzler */ = {
			isa = PBXNativeTarget;
			buildConfigurationList = 5464534723C44122001C1DA8 /* Build configuration list for PBXNativeTarget "Quizzler" */;
			buildPhases = (
				5464532F23C44121001C1DA8 /* Sources */,
				5464533023C44121001C1DA8 /* Frameworks */,
				5464533123C44121001C1DA8 /* Resources */,
			);
			buildRules = (
			);
			dependencies = (
			);
			name = Quizzler;
			productName = Quizzler;
			productReference = 5464533323C44121001C1DA8 /* Quizzler.app */;
			productType = "com.apple.product-type.application";
		};
/* End PBXNativeTarget section */

/* Begin PBXProject section */
		5464532B23C44121001C1DA8 /* Project object */ = {
			isa = PBXProject;
			attributes = {
				LastSwiftUpdateCheck = 1130;
				LastUpgradeCheck = 1130;
				ORGANIZATIONNAME = "Shikhar Kumar";
				TargetAttributes = {
					5464533223C44121001C1DA8 = {
						CreatedOnToolsVersion = 11.3;
					};
				};
			};
			buildConfigurationList = 5464532E23C44121001C1DA8 /* Build configuration list for PBXProject "Quizzler" */;
			compatibilityVersion = "Xcode 9.3";
			developmentRegion = en;
			hasScannedForEncodings = 0;
			knownRegions = (
				en,
				Base,
			);
			mainGroup = 5464532A23C44121001C1DA8;
			productRefGroup = 5464533423C44121001C1DA8 /* Products */;
			projectDirPath = "";
			projectRoot = "";
			targets = (
				5464533223C44121001C1DA8 /* Quizzler */,
			);
		};
/* End PBXProject section */

/* Begin PBXResourcesBuildPhase section */
		5464533123C44121001C1DA8 /* Resources */ = {
			isa = PBXResourcesBuildPhase;
			buildActionMask = 2147483647;
			files = (
				5464534323C44122001C1DA8 /* LaunchScreen.storyboard in Resources */,
				5464534023C44122001C1DA8 /* Assets.xcassets in Resources */,
				5464533E23C44121001C1DA8 /* Main.storyboard in Resources */,
			);
			runOnlyForDeploymentPostprocessing = 0;
		};
/* End PBXResourcesBuildPhase section */

/* Begin PBXSourcesBuildPhase section */
		5464532F23C44121001C1DA8 /* Sources */ = {
			isa = PBXSourcesBuildPhase;
			buildActionMask = 2147483647;
			files = (
				545D66FF23C68A4700425AFD /* Question.swift in Sources */,
				5464533B23C44121001C1DA8 /* ViewController.swift in Sources */,
				5464533723C44121001C1DA8 /* AppDelegate.swift in Sources */,
				545D670123C68FA200425AFD /* QuizBrain.swift in Sources */,
				5423A07223C512EC0068BBCB /* MyCustomDesignable.swift in Sources */,
				5464533923C44121001C1DA8 /* SceneDelegate.swift in Sources */,
			);
			runOnlyForDeploymentPostprocessing = 0;
		};
/* End PBXSourcesBuildPhase section */

/* Begin PBXVariantGroup section */
		5464533C23C44121001C1DA8 /* Main.storyboard */ = {
			isa = PBXVariantGroup;
			children = (
				5464533D23C44121001C1DA8 /* Base */,
			);
			name = Main.storyboard;
			sourceTree = "<group>";
		};
		5464534123C44122001C1DA8 /* LaunchScreen.storyboard */ = {
			isa = PBXVariantGroup;
			children = (
				5464534223C44122001C1DA8 /* Base */,
			);
			name = LaunchScreen.storyboard;
			sourceTree = "<group>";
		};
/* End PBXVariantGroup section */

/* Begin XCBuildConfiguration section */
		5464534523C44122001C1DA8 /* Debug */ = {
			isa = XCBuildConfiguration;
			buildSettings = {
				ALWAYS_SEARCH_USER_PATHS = NO;
				CLANG_ANALYZER_NONNULL = YES;
				CLANG_ANALYZER_NUMBER_OBJECT_CONVERSION = YES_AGGRESSIVE;
				CLANG_CXX_LANGUAGE_STANDARD = "gnu++14";
				CLANG_CXX_LIBRARY = "libc++";
				CLANG_ENABLE_MODULES = YES;
				CLANG_ENABLE_OBJC_ARC = YES;
				CLANG_ENABLE_OBJC_WEAK = YES;
				CLANG_WARN_BLOCK_CAPTURE_AUTORELEASING = YES;
				CLANG_WARN_BOOL_CONVERSION = YES;
				CLANG_WARN_COMMA = YES;
				CLANG_WARN_CONSTANT_CONVERSION = YES;
				CLANG_WARN_DEPRECATED_OBJC_IMPLEMENTATIONS = YES;
				CLANG_WARN_DIRECT_OBJC_ISA_USAGE = YES_ERROR;
				CLANG_WARN_DOCUMENTATION_COMMENTS = YES;
				CLANG_WARN_EMPTY_BODY = YES;
				CLANG_WARN_ENUM_CONVERSION = YES;
				CLANG_WARN_INFINITE_RECURSION = YES;
				CLANG_WARN_INT_CONVERSION = YES;
				CLANG_WARN_NON_LITERAL_NULL_CONVERSION = YES;
				CLANG_WARN_OBJC_IMPLICIT_RETAIN_SELF = YES;
				CLANG_WARN_OBJC_LITERAL_CONVERSION = YES;
				CLANG_WARN_OBJC_ROOT_CLASS = YES_ERROR;
				CLANG_WARN_RANGE_LOOP_ANALYSIS = YES;
				CLANG_WARN_STRICT_PROTOTYPES = YES;
				CLANG_WARN_SUSPICIOUS_MOVE = YES;
				CLANG_WARN_UNGUARDED_AVAILABILITY = YES_AGGRESSIVE;
				CLANG_WARN_UNREACHABLE_CODE = YES;
				CLANG_WARN__DUPLICATE_METHOD_MATCH = YES;
				COPY_PHASE_STRIP = NO;
				DEBUG_INFORMATION_FORMAT = dwarf;
				ENABLE_STRICT_OBJC_MSGSEND = YES;
				ENABLE_TESTABILITY = YES;
				GCC_C_LANGUAGE_STANDARD = gnu11;
				GCC_DYNAMIC_NO_PIC = NO;
				GCC_NO_COMMON_BLOCKS = YES;
				GCC_OPTIMIZATION_LEVEL = 0;
				GCC_PREPROCESSOR_DEFINITIONS = (
					"DEBUG=1",
					"$(inherited)",
				);
				GCC_WARN_64_TO_32_BIT_CONVERSION = YES;
				GCC_WARN_ABOUT_RETURN_TYPE = YES_ERROR;
				GCC_WARN_UNDECLARED_SELECTOR = YES;
				GCC_WARN_UNINITIALIZED_AUTOS = YES_AGGRESSIVE;
				GCC_WARN_UNUSED_FUNCTION = YES;
				GCC_WARN_UNUSED_VARIABLE = YES;
				IPHONEOS_DEPLOYMENT_TARGET = 13.2;
				MTL_ENABLE_DEBUG_INFO = INCLUDE_SOURCE;
				MTL_FAST_MATH = YES;
				ONLY_ACTIVE_ARCH = YES;
				SDKROOT = iphoneos;
				SWIFT_ACTIVE_COMPILATION_CONDITIONS = DEBUG;
				SWIFT_OPTIMIZATION_LEVEL = "-Onone";
			};
			name = Debug;
		};
		5464534623C44122001C1DA8 /* Release */ = {
			isa = XCBuildConfiguration;
			buildSettings = {
				ALWAYS_SEARCH_USER_PATHS = NO;
				CLANG_ANALYZER_NONNULL = YES;
				CLANG_ANALYZER_NUMBER_OBJECT_CONVERSION = YES_AGGRESSIVE;
				CLANG_CXX_LANGUAGE_STANDARD = "gnu++14";
				CLANG_CXX_LIBRARY = "libc++";
				CLANG_ENABLE_MODULES = YES;
				CLANG_ENABLE_OBJC_ARC = YES;
				CLANG_ENABLE_OBJC_WEAK = YES;
				CLANG_WARN_BLOCK_CAPTURE_AUTORELEASING = YES;
				CLANG_WARN_BOOL_CONVERSION = YES;
				CLANG_WARN_COMMA = YES;
				CLANG_WARN_CONSTANT_CONVERSION = YES;
				CLANG_WARN_DEPRECATED_OBJC_IMPLEMENTATIONS = YES;
				CLANG_WARN_DIRECT_OBJC_ISA_USAGE = YES_ERROR;
				CLANG_WARN_DOCUMENTATION_COMMENTS = YES;
				CLANG_WARN_EMPTY_BODY = YES;
				CLANG_WARN_ENUM_CONVERSION = YES;
				CLANG_WARN_INFINITE_RECURSION = YES;
				CLANG_WARN_INT_CONVERSION = YES;
				CLANG_WARN_NON_LITERAL_NULL_CONVERSION = YES;
				CLANG_WARN_OBJC_IMPLICIT_RETAIN_SELF = YES;
				CLANG_WARN_OBJC_LITERAL_CONVERSION = YES;
				CLANG_WARN_OBJC_ROOT_CLASS = YES_ERROR;
				CLANG_WARN_RANGE_LOOP_ANALYSIS = YES;
				CLANG_WARN_STRICT_PROTOTYPES = YES;
				CLANG_WARN_SUSPICIOUS_MOVE = YES;
				CLANG_WARN_UNGUARDED_AVAILABILITY = YES_AGGRESSIVE;
				CLANG_WARN_UNREACHABLE_CODE = YES;
				CLANG_WARN__DUPLICATE_METHOD_MATCH = YES;
				COPY_PHASE_STRIP = NO;
				DEBUG_INFORMATION_FORMAT = "dwarf-with-dsym";
				ENABLE_NS_ASSERTIONS = NO;
				ENABLE_STRICT_OBJC_MSGSEND = YES;
				GCC_C_LANGUAGE_STANDARD = gnu11;
				GCC_NO_COMMON_BLOCKS = YES;
				GCC_WARN_64_TO_32_BIT_CONVERSION = YES;
				GCC_WARN_ABOUT_RETURN_TYPE = YES_ERROR;
				GCC_WARN_UNDECLARED_SELECTOR = YES;
				GCC_WARN_UNINITIALIZED_AUTOS = YES_AGGRESSIVE;
				GCC_WARN_UNUSED_FUNCTION = YES;
				GCC_WARN_UNUSED_VARIABLE = YES;
				IPHONEOS_DEPLOYMENT_TARGET = 13.2;
				MTL_ENABLE_DEBUG_INFO = NO;
				MTL_FAST_MATH = YES;
				SDKROOT = iphoneos;
				SWIFT_COMPILATION_MODE = wholemodule;
				SWIFT_OPTIMIZATION_LEVEL = "-O";
				VALIDATE_PRODUCT = YES;
			};
			name = Release;
		};
		5464534823C44122001C1DA8 /* Debug */ = {
			isa = XCBuildConfiguration;
			buildSettings = {
				ASSETCATALOG_COMPILER_APPICON_NAME = AppIcon;
				CODE_SIGN_STYLE = Automatic;
				DEVELOPMENT_TEAM = BJTS8L78K6;
				INFOPLIST_FILE = Quizzler/Info.plist;
				LD_RUNPATH_SEARCH_PATHS = (
					"$(inherited)",
					"@executable_path/Frameworks",
				);
				PRODUCT_BUNDLE_IDENTIFIER = com.kumarshikhar.Quizzler;
				PRODUCT_NAME = "$(TARGET_NAME)";
				SWIFT_VERSION = 5.0;
				TARGETED_DEVICE_FAMILY = 1;
			};
			name = Debug;
		};
		5464534923C44122001C1DA8 /* Release */ = {
			isa = XCBuildConfiguration;
			buildSettings = {
				ASSETCATALOG_COMPILER_APPICON_NAME = AppIcon;
				CODE_SIGN_STYLE = Automatic;
				DEVELOPMENT_TEAM = BJTS8L78K6;
				INFOPLIST_FILE = Quizzler/Info.plist;
				LD_RUNPATH_SEARCH_PATHS = (
					"$(inherited)",
					"@executable_path/Frameworks",
				);
				PRODUCT_BUNDLE_IDENTIFIER = com.kumarshikhar.Quizzler;
				PRODUCT_NAME = "$(TARGET_NAME)";
				SWIFT_VERSION = 5.0;
				TARGETED_DEVICE_FAMILY = 1;
			};
			name = Release;
		};
/* End XCBuildConfiguration section */

/* Begin XCConfigurationList section */
		5464532E23C44121001C1DA8 /* Build configuration list for PBXProject "Quizzler" */ = {
			isa = XCConfigurationList;
			buildConfigurations = (
				5464534523C44122001C1DA8 /* Debug */,
				5464534623C44122001C1DA8 /* Release */,
			);
			defaultConfigurationIsVisible = 0;
			defaultConfigurationName = Release;
		};
		5464534723C44122001C1DA8 /* Build configuration list for PBXNativeTarget "Quizzler" */ = {
			isa = XCConfigurationList;
			buildConfigurations = (
				5464534823C44122001C1DA8 /* Debug */,
				5464534923C44122001C1DA8 /* Release */,
			);
			defaultConfigurationIsVisible = 0;
			defaultConfigurationName = Release;
		};
/* End XCConfigurationList section */
	};
	rootObject = 5464532B23C44121001C1DA8 /* Project object */;
}
